
Microsoft Visual Studio Solution File, Format Version 12.00
# Visual Studio Version 17
VisualStudioVersion = 17.7.34202.233
MinimumVisualStudioVersion = 10.0.40219.1
Project("{FAE04EC0-301F-11D3-BF4B-00C04F79EFBC}") = "Fight_cons", "Fight_cons\Fight_cons.csproj", "{612FD586-685C-4930-A396-245F582EEEFE}"
EndProject
Global
	GlobalSection(SolutionConfigurationPlatforms) = preSolution
		Debug|Any CPU = Debug|Any CPU
		Release|Any CPU = Release|Any CPU
	EndGlobalSection
	GlobalSection(ProjectConfigurationPlatforms) = postSolution
		{612FD586-685C-4930-A396-245F582EEEFE}.Debug|Any CPU.ActiveCfg = Debug|Any CPU
		{612FD586-685C-4930-A396-245F582EEEFE}.Debug|Any CPU.Build.0 = Debug|Any CPU
		{612FD586-685C-4930-A396-245F582EEEFE}.Release|Any CPU.ActiveCfg = Release|Any CPU
		{612FD586-685C-4930-A396-245F582EEEFE}.Release|Any CPU.Build.0 = Release|Any CPU
	EndGlobalSection
	GlobalSection(SolutionProperties) = preSolution
		HideSolutionNode = FALSE
	EndGlobalSection
	GlobalSection(ExtensibilityGlobals) = postSolution
		SolutionGuid = {5EEB102D-6BAE-4F1A-BEDD-ACD71FE1338A}
	EndGlobalSection
EndGlobal
